
Microsoft Visual Studio Solution File, Format Version 12.00
# Visual Studio 15
VisualStudioVersion = 15.0.28010.2026
MinimumVisualStudioVersion = 10.0.40219.1
Project("{2150E333-8FDC-42A3-9474-1A3956D46DE8}") = "App", "App", "{F7765BDB-9FB9-4677-BAA2-168CF71B3862}"
EndProject
Project("{2150E333-8FDC-42A3-9474-1A3956D46DE8}") = "Test", "Test", "{956A57C8-567B-4D7D-9D7D-7BE21700C749}"
EndProject
Project("{2150E333-8FDC-42A3-9474-1A3956D46DE8}") = "1. Apresentation", "1. Apresentation", "{95FF5EAE-9386-40AA-93E8-04C1077AE77A}"
EndProject
Project("{2150E333-8FDC-42A3-9474-1A3956D46DE8}") = "2. Aplication", "2. Aplication", "{CBDEB2A3-4716-4C8D-90B0-EA6F38FA9709}"
EndProject
Project("{2150E333-8FDC-42A3-9474-1A3956D46DE8}") = "1. Apresentation", "1. Apresentation", "{80021D95-B1CD-41BA-9685-D90E9B4395EA}"
EndProject
Project("{2150E333-8FDC-42A3-9474-1A3956D46DE8}") = "2. Aplication", "2. Aplication", "{9D7D766C-FDEA-4AAE-BD80-7BC063F47936}"
EndProject
Project("{2150E333-8FDC-42A3-9474-1A3956D46DE8}") = "3. Service", "3. Service", "{8C5D6270-B85B-445F-9563-1709D295BD4C}"
EndProject
Project("{2150E333-8FDC-42A3-9474-1A3956D46DE8}") = "3. Service", "3. Service", "{3C4E0634-6E4B-4AB7-BF77-0777F8FC0E0D}"
EndProject
Project("{2150E333-8FDC-42A3-9474-1A3956D46DE8}") = "4. Domain", "4. Domain", "{EC0FE9D6-0053-46FC-9291-DE1C65C2391C}"
EndProject
Project("{2150E333-8FDC-42A3-9474-1A3956D46DE8}") = "4. Domain", "4. Domain", "{948C6C3F-D7C6-47FE-B556-04CF99E64477}"
EndProject
Project("{2150E333-8FDC-42A3-9474-1A3956D46DE8}") = "5. Infraestructure", "5. Infraestructure", "{D9B67A87-7645-4087-875D-2D817D338B66}"
EndProject
Project("{2150E333-8FDC-42A3-9474-1A3956D46DE8}") = "5. Infraestructure", "5. Infraestructure", "{B43BD426-8E44-4089-8D88-6AD4011607E5}"
EndProject
Project("{2150E333-8FDC-42A3-9474-1A3956D46DE8}") = "5.1. Data", "5.1. Data", "{3F3E7F01-F04F-4C83-9DEF-0A18DCC67912}"
EndProject
Project("{2150E333-8FDC-42A3-9474-1A3956D46DE8}") = "5.2. Crosscutting", "5.2. Crosscutting", "{37C415E9-74E3-433A-A6A9-4EDDF1B80D71}"
EndProject
Project("{2150E333-8FDC-42A3-9474-1A3956D46DE8}") = "5.2. Crosscutting", "5.2. Crosscutting", "{09CC6921-C5CF-456E-B8DC-4F19198F4C4A}"
EndProject
Project("{2150E333-8FDC-42A3-9474-1A3956D46DE8}") = "5.1. Data", "5.1. Data", "{6759D40C-6315-4170-BAD2-1AD191919BFD}"
EndProject
Project("{9A19103F-16F7-4668-BE54-9A1E7A4F7556}") = "IRRF.Domain", "App\IRRF.Domain\IRRF.Domain.csproj", "{0F9265DB-7960-4066-A430-B6E619C64A44}"
EndProject
Project("{9A19103F-16F7-4668-BE54-9A1E7A4F7556}") = "IRRF.Domain.Test", "Test\IRRF.Domain.Test\IRRF.Domain.Test.csproj", "{516600ED-DF50-4056-8AAD-2B3C3B369142}"
EndProject
Project("{9A19103F-16F7-4668-BE54-9A1E7A4F7556}") = "IRRF.Infraestructure.Data", "App\IRRF.Infraestructure.Data\IRRF.Infraestructure.Data.csproj", "{1B821005-EDEB-4512-9842-57068E13CC3B}"
EndProject
Project("{9A19103F-16F7-4668-BE54-9A1E7A4F7556}") = "IRRF.Infraestructure.Crosscutting.IoC", "App\IRRF.Infraestruture.Crosscutting.IoC\IRRF.Infraestructure.Crosscutting.IoC.csproj", "{3D1FD4B9-450D-49CE-AC99-91C200A35579}"
EndProject
Project("{2150E333-8FDC-42A3-9474-1A3956D46DE8}") = "5.2.1. IoC", "5.2.1. IoC", "{6C6DBD14-DA17-424F-9E92-40BBE2D90038}"
EndProject
Project("{2150E333-8FDC-42A3-9474-1A3956D46DE8}") = "5.2.2. AutoMapper", "5.2.2. AutoMapper", "{659B8AE3-241B-47E0-87D6-6E6DB7563E33}"
EndProject
Project("{9A19103F-16F7-4668-BE54-9A1E7A4F7556}") = "IRRF.Infraestructure.Crosscutting.AutoMapper", "App\IRRF.Infraestruture.Crosscutting.AutoMapper\IRRF.Infraestructure.Crosscutting.AutoMapper.csproj", "{1D0DB165-0775-4E5C-81CA-7AAAC8236995}"
EndProject
Project("{9A19103F-16F7-4668-BE54-9A1E7A4F7556}") = "IRRF.Service", "App\IRRF.Service\IRRF.Service.csproj", "{F80FB1E8-C5B0-4D9E-B5A5-4413C34B972B}"
EndProject
Project("{2150E333-8FDC-42A3-9474-1A3956D46DE8}") = "1.1. Web", "1.1. Web", "{77D97B04-88CE-40EE-84BE-4AAA0ECD9CCD}"
EndProject
Project("{2150E333-8FDC-42A3-9474-1A3956D46DE8}") = "1.2. Mobile", "1.2. Mobile", "{F0BEB1BC-0CBA-413E-86E8-66BC95011D7D}"
EndProject
Project("{2150E333-8FDC-42A3-9474-1A3956D46DE8}") = "1.3. Desktop", "1.3. Desktop", "{34FDB1C1-62FC-4257-9F91-CCC41E63445C}"
EndProject
Project("{2150E333-8FDC-42A3-9474-1A3956D46DE8}") = "1.2.1. Android", "1.2.1. Android", "{5B7825C5-2869-4BA9-B348-4CF95EE15C29}"
EndProject
Project("{2150E333-8FDC-42A3-9474-1A3956D46DE8}") = "1.2.2. iPhone", "1.2.2. iPhone", "{BC494B9A-B15F-4C38-BA44-F72B90A39EFB}"
EndProject
Project("{2150E333-8FDC-42A3-9474-1A3956D46DE8}") = "1.4. Console", "1.4. Console", "{30A709E1-F783-4154-B1A6-C4822A6D0022}"
EndProject
Project("{FAE04EC0-301F-11D3-BF4B-00C04F79EFBC}") = "IRRF.Service.Test", "Test\IRRF.Service.Test\IRRF.Service.Test.csproj", "{23D5724A-C016-4F1F-BF70-295EB5BE2FE8}"
EndProject
Global
	GlobalSection(SolutionConfigurationPlatforms) = preSolution
		Debug|Any CPU = Debug|Any CPU
		Release|Any CPU = Release|Any CPU
	EndGlobalSection
	GlobalSection(ProjectConfigurationPlatforms) = postSolution
		{0F9265DB-7960-4066-A430-B6E619C64A44}.Debug|Any CPU.ActiveCfg = Debug|Any CPU
		{0F9265DB-7960-4066-A430-B6E619C64A44}.Debug|Any CPU.Build.0 = Debug|Any CPU
		{0F9265DB-7960-4066-A430-B6E619C64A44}.Release|Any CPU.ActiveCfg = Release|Any CPU
		{0F9265DB-7960-4066-A430-B6E619C64A44}.Release|Any CPU.Build.0 = Release|Any CPU
		{516600ED-DF50-4056-8AAD-2B3C3B369142}.Debug|Any CPU.ActiveCfg = Debug|Any CPU
		{516600ED-DF50-4056-8AAD-2B3C3B369142}.Debug|Any CPU.Build.0 = Debug|Any CPU
		{516600ED-DF50-4056-8AAD-2B3C3B369142}.Release|Any CPU.ActiveCfg = Release|Any CPU
		{516600ED-DF50-4056-8AAD-2B3C3B369142}.Release|Any CPU.Build.0 = Release|Any CPU
		{1B821005-EDEB-4512-9842-57068E13CC3B}.Debug|Any CPU.ActiveCfg = Debug|Any CPU
		{1B821005-EDEB-4512-9842-57068E13CC3B}.Debug|Any CPU.Build.0 = Debug|Any CPU
		{1B821005-EDEB-4512-9842-57068E13CC3B}.Release|Any CPU.ActiveCfg = Release|Any CPU
		{1B821005-EDEB-4512-9842-57068E13CC3B}.Release|Any CPU.Build.0 = Release|Any CPU
		{3D1FD4B9-450D-49CE-AC99-91C200A35579}.Debug|Any CPU.ActiveCfg = Debug|Any CPU
		{3D1FD4B9-450D-49CE-AC99-91C200A35579}.Debug|Any CPU.Build.0 = Debug|Any CPU
		{3D1FD4B9-450D-49CE-AC99-91C200A35579}.Release|Any CPU.ActiveCfg = Release|Any CPU
		{3D1FD4B9-450D-49CE-AC99-91C200A35579}.Release|Any CPU.Build.0 = Release|Any CPU
		{1D0DB165-0775-4E5C-81CA-7AAAC8236995}.Debug|Any CPU.ActiveCfg = Debug|Any CPU
		{1D0DB165-0775-4E5C-81CA-7AAAC8236995}.Debug|Any CPU.Build.0 = Debug|Any CPU
		{1D0DB165-0775-4E5C-81CA-7AAAC8236995}.Release|Any CPU.ActiveCfg = Release|Any CPU
		{1D0DB165-0775-4E5C-81CA-7AAAC8236995}.Release|Any CPU.Build.0 = Release|Any CPU
		{F80FB1E8-C5B0-4D9E-B5A5-4413C34B972B}.Debug|Any CPU.ActiveCfg = Debug|Any CPU
		{F80FB1E8-C5B0-4D9E-B5A5-4413C34B972B}.Debug|Any CPU.Build.0 = Debug|Any CPU
		{F80FB1E8-C5B0-4D9E-B5A5-4413C34B972B}.Release|Any CPU.ActiveCfg = Release|Any CPU
		{F80FB1E8-C5B0-4D9E-B5A5-4413C34B972B}.Release|Any CPU.Build.0 = Release|Any CPU
		{23D5724A-C016-4F1F-BF70-295EB5BE2FE8}.Debug|Any CPU.ActiveCfg = Debug|Any CPU
		{23D5724A-C016-4F1F-BF70-295EB5BE2FE8}.Debug|Any CPU.Build.0 = Debug|Any CPU
		{23D5724A-C016-4F1F-BF70-295EB5BE2FE8}.Release|Any CPU.ActiveCfg = Release|Any CPU
		{23D5724A-C016-4F1F-BF70-295EB5BE2FE8}.Release|Any CPU.Build.0 = Release|Any CPU
	EndGlobalSection
	GlobalSection(SolutionProperties) = preSolution
		HideSolutionNode = FALSE
	EndGlobalSection
	GlobalSection(NestedProjects) = preSolution
		{95FF5EAE-9386-40AA-93E8-04C1077AE77A} = {F7765BDB-9FB9-4677-BAA2-168CF71B3862}
		{CBDEB2A3-4716-4C8D-90B0-EA6F38FA9709} = {F7765BDB-9FB9-4677-BAA2-168CF71B3862}
		{80021D95-B1CD-41BA-9685-D90E9B4395EA} = {956A57C8-567B-4D7D-9D7D-7BE21700C749}
		{9D7D766C-FDEA-4AAE-BD80-7BC063F47936} = {956A57C8-567B-4D7D-9D7D-7BE21700C749}
		{8C5D6270-B85B-445F-9563-1709D295BD4C} = {F7765BDB-9FB9-4677-BAA2-168CF71B3862}
		{3C4E0634-6E4B-4AB7-BF77-0777F8FC0E0D} = {956A57C8-567B-4D7D-9D7D-7BE21700C749}
		{EC0FE9D6-0053-46FC-9291-DE1C65C2391C} = {F7765BDB-9FB9-4677-BAA2-168CF71B3862}
		{948C6C3F-D7C6-47FE-B556-04CF99E64477} = {956A57C8-567B-4D7D-9D7D-7BE21700C749}
		{D9B67A87-7645-4087-875D-2D817D338B66} = {F7765BDB-9FB9-4677-BAA2-168CF71B3862}
		{B43BD426-8E44-4089-8D88-6AD4011607E5} = {956A57C8-567B-4D7D-9D7D-7BE21700C749}
		{3F3E7F01-F04F-4C83-9DEF-0A18DCC67912} = {D9B67A87-7645-4087-875D-2D817D338B66}
		{37C415E9-74E3-433A-A6A9-4EDDF1B80D71} = {D9B67A87-7645-4087-875D-2D817D338B66}
		{09CC6921-C5CF-456E-B8DC-4F19198F4C4A} = {B43BD426-8E44-4089-8D88-6AD4011607E5}
		{6759D40C-6315-4170-BAD2-1AD191919BFD} = {B43BD426-8E44-4089-8D88-6AD4011607E5}
		{0F9265DB-7960-4066-A430-B6E619C64A44} = {EC0FE9D6-0053-46FC-9291-DE1C65C2391C}
		{516600ED-DF50-4056-8AAD-2B3C3B369142} = {948C6C3F-D7C6-47FE-B556-04CF99E64477}
		{1B821005-EDEB-4512-9842-57068E13CC3B} = {3F3E7F01-F04F-4C83-9DEF-0A18DCC67912}
		{3D1FD4B9-450D-49CE-AC99-91C200A35579} = {6C6DBD14-DA17-424F-9E92-40BBE2D90038}
		{6C6DBD14-DA17-424F-9E92-40BBE2D90038} = {37C415E9-74E3-433A-A6A9-4EDDF1B80D71}
		{659B8AE3-241B-47E0-87D6-6E6DB7563E33} = {37C415E9-74E3-433A-A6A9-4EDDF1B80D71}
		{1D0DB165-0775-4E5C-81CA-7AAAC8236995} = {659B8AE3-241B-47E0-87D6-6E6DB7563E33}
		{F80FB1E8-C5B0-4D9E-B5A5-4413C34B972B} = {8C5D6270-B85B-445F-9563-1709D295BD4C}
		{77D97B04-88CE-40EE-84BE-4AAA0ECD9CCD} = {95FF5EAE-9386-40AA-93E8-04C1077AE77A}
		{F0BEB1BC-0CBA-413E-86E8-66BC95011D7D} = {95FF5EAE-9386-40AA-93E8-04C1077AE77A}
		{34FDB1C1-62FC-4257-9F91-CCC41E63445C} = {95FF5EAE-9386-40AA-93E8-04C1077AE77A}
		{5B7825C5-2869-4BA9-B348-4CF95EE15C29} = {F0BEB1BC-0CBA-413E-86E8-66BC95011D7D}
		{BC494B9A-B15F-4C38-BA44-F72B90A39EFB} = {F0BEB1BC-0CBA-413E-86E8-66BC95011D7D}
		{30A709E1-F783-4154-B1A6-C4822A6D0022} = {95FF5EAE-9386-40AA-93E8-04C1077AE77A}
		{23D5724A-C016-4F1F-BF70-295EB5BE2FE8} = {3C4E0634-6E4B-4AB7-BF77-0777F8FC0E0D}
	EndGlobalSection
	GlobalSection(ExtensibilityGlobals) = postSolution
		SolutionGuid = {65E8B8C4-CA9E-47E4-8B9F-6EE4ED09C63D}
	EndGlobalSection
EndGlobal
